
Microsoft Visual Studio Solution File, Format Version 12.00
# Visual Studio 15
VisualStudioVersion = 15.0.28307.271
MinimumVisualStudioVersion = 10.0.40219.1
Project("{9A19103F-16F7-4668-BE54-9A1E7A4F7556}") = "WebApplicationJWT", "WebApplicationJWT\WebApplicationJWT.csproj", "{173AD0B4-3909-4D5E-888C-7CA7DBCD9A43}"
EndProject
Project("{9A19103F-16F7-4668-BE54-9A1E7A4F7556}") = "ThumbnailFunction", "ThumbnailFunction\ThumbnailFunction.csproj", "{7A4013D1-C323-4F5F-A47C-02A5D9EF2B9C}"
EndProject
Global
	GlobalSection(SolutionConfigurationPlatforms) = preSolution
		Debug|Any CPU = Debug|Any CPU
		Release|Any CPU = Release|Any CPU
	EndGlobalSection
	GlobalSection(ProjectConfigurationPlatforms) = postSolution
		{173AD0B4-3909-4D5E-888C-7CA7DBCD9A43}.Debug|Any CPU.ActiveCfg = Debug|Any CPU
		{173AD0B4-3909-4D5E-888C-7CA7DBCD9A43}.Debug|Any CPU.Build.0 = Debug|Any CPU
		{173AD0B4-3909-4D5E-888C-7CA7DBCD9A43}.Release|Any CPU.ActiveCfg = Release|Any CPU
		{173AD0B4-3909-4D5E-888C-7CA7DBCD9A43}.Release|Any CPU.Build.0 = Release|Any CPU
		{7A4013D1-C323-4F5F-A47C-02A5D9EF2B9C}.Debug|Any CPU.ActiveCfg = Debug|Any CPU
		{7A4013D1-C323-4F5F-A47C-02A5D9EF2B9C}.Debug|Any CPU.Build.0 = Debug|Any CPU
		{7A4013D1-C323-4F5F-A47C-02A5D9EF2B9C}.Release|Any CPU.ActiveCfg = Release|Any CPU
		{7A4013D1-C323-4F5F-A47C-02A5D9EF2B9C}.Release|Any CPU.Build.0 = Release|Any CPU
	EndGlobalSection
	GlobalSection(SolutionProperties) = preSolution
		HideSolutionNode = FALSE
	EndGlobalSection
	GlobalSection(ExtensibilityGlobals) = postSolution
		SolutionGuid = {0E09A419-87BC-4205-B986-CAD496FA7089}
	EndGlobalSection
EndGlobal
